<?xml version="1.0" encoding="UTF-8" standalone="yes" ?>
<CodeBlocks_project_file>
	<FileVersion major="1" minor="6" />
	<Project>
		<Option title="Érase un combate" />
		<Option pch_mode="2" />
		<Option compiler="gcc" />
		<Build>
			<Target title="Debug">
				<Option output="bin/Debug/Érase un combate" prefix_auto="1" extension_auto="1" />
				<Option object_output="obj/Debug/" />
				<Option type="1" />
				<Option compiler="gcc" />
				<Compiler>
					<Add option="-g" />
					<Add option="-std=c++20" />
				</Compiler>
				<Linker>
					<Add library="sfml-system-d" />
					<Add library="sfml-graphics-d" />
					<Add library="sfml-audio-d" />
					<Add library="sfml-window-d" />
				</Linker>
			</Target>
			<Target title="Release">
				<Option output="bin/Release/Érase un combate" prefix_auto="1" extension_auto="1" />
				<Option object_output="obj/Release/" />
				<Option type="1" />
				<Option compiler="gcc" />
				<Compiler>
					<Add option="-O2" />
					<Add option="-std=c++20" />
				</Compiler>
				<Linker>
					<Add option="-s" />
					<Add library="sfml-system" />
					<Add library="sfml-graphics" />
					<Add library="sfml-audio" />
					<Add library="sfml-window" />
				</Linker>
			</Target>
		</Build>
		<Compiler>
			<Add option="-Wall" />
			<Add directory="C:/SFML-2.6.1/include" />
		</Compiler>
		<Linker>
			<Add directory="C:/SFML-2.6.1/lib" />
		</Linker>
		<Unit filename="Animacion.cpp" />
		<Unit filename="Animacion.hpp" />
		<Unit filename="AnimacionPorFrames.cpp" />
		<Unit filename="AnimacionPorFrames.hpp" />
		<Unit filename="Bitacora.cpp" />
		<Unit filename="Bitacora.hpp" />
		<Unit filename="Constantes.hpp" />
		<Unit filename="ContenedorDeRecursos.hpp" />
		<Unit filename="ContenedorDeRecursos.tpp" />
		<Unit filename="Enums.hpp" />
		<Unit filename="GestorDeControles.cpp" />
		<Unit filename="GestorDeControles.hpp" />
		<Unit filename="Hitbox.cpp" />
		<Unit filename="Hitbox.hpp" />
		<Unit filename="Personaje.cpp" />
		<Unit filename="Personaje.hpp" />
		<Unit filename="ReproductorDeMusica.cpp" />
		<Unit filename="ReproductorDeMusica.hpp" />
		<Unit filename="VentanaPrincipal.cpp" />
		<Unit filename="VentanaPrincipal.hpp" />
		<Unit filename="main.cpp" />
		<Extensions>
			<lib_finder disable_auto="1" />
		</Extensions>
	</Project>
</CodeBlocks_project_file>
